
Microsoft Visual Studio Solution File, Format Version 12.00
# Visual Studio 2012
Project("{F184B08F-C81C-45F6-A57F-5ABD9991F28F}") = "TextBox", "TextBox\TextBox.vbproj", "{DC9A93E7-BFC8-4B91-850B-E1BD1C6685B3}"
EndProject
Global
	GlobalSection(SolutionConfigurationPlatforms) = preSolution
		Debug|Any CPU = Debug|Any CPU
		Release|Any CPU = Release|Any CPU
	EndGlobalSection
	GlobalSection(ProjectConfigurationPlatforms) = postSolution
		{DC9A93E7-BFC8-4B91-850B-E1BD1C6685B3}.Debug|Any CPU.ActiveCfg = Debug|Any CPU
		{DC9A93E7-BFC8-4B91-850B-E1BD1C6685B3}.Debug|Any CPU.Build.0 = Debug|Any CPU
		{DC9A93E7-BFC8-4B91-850B-E1BD1C6685B3}.Release|Any CPU.ActiveCfg = Release|Any CPU
		{DC9A93E7-BFC8-4B91-850B-E1BD1C6685B3}.Release|Any CPU.Build.0 = Release|Any CPU
	EndGlobalSection
	GlobalSection(SolutionProperties) = preSolution
		HideSolutionNode = FALSE
	EndGlobalSection
EndGlobal
